
Microsoft Visual Studio Solution File, Format Version 12.00
# Visual Studio 15
VisualStudioVersion = 15.0.26124.0
MinimumVisualStudioVersion = 15.0.26124.0
Project("{FAE04EC0-301F-11D3-BF4B-00C04F79EFBC}") = "ApiServer", "ApiServer\ApiServer.csproj", "{455AA0C4-AF48-4BD9-861C-48924E3F7474}"
EndProject
Project("{FAE04EC0-301F-11D3-BF4B-00C04F79EFBC}") = "WebClient", "WebClient\WebClient.csproj", "{30D3E872-FD1C-4465-9533-8E0D569581E6}"
EndProject
Project("{E53339B2-1760-4266-BCC7-CA923CBCF16C}") = "docker-compose", "docker-compose.dcproj", "{5CABC24C-AEE7-470E-82E1-807ABDFB2728}"
EndProject
Global
	GlobalSection(SolutionConfigurationPlatforms) = preSolution
		Debug|Any CPU = Debug|Any CPU
		Debug|x64 = Debug|x64
		Debug|x86 = Debug|x86
		Release|Any CPU = Release|Any CPU
		Release|x64 = Release|x64
		Release|x86 = Release|x86
	EndGlobalSection
	GlobalSection(ProjectConfigurationPlatforms) = postSolution
		{455AA0C4-AF48-4BD9-861C-48924E3F7474}.Debug|Any CPU.ActiveCfg = Debug|Any CPU
		{455AA0C4-AF48-4BD9-861C-48924E3F7474}.Debug|Any CPU.Build.0 = Debug|Any CPU
		{455AA0C4-AF48-4BD9-861C-48924E3F7474}.Debug|x64.ActiveCfg = Debug|Any CPU
		{455AA0C4-AF48-4BD9-861C-48924E3F7474}.Debug|x64.Build.0 = Debug|Any CPU
		{455AA0C4-AF48-4BD9-861C-48924E3F7474}.Debug|x86.ActiveCfg = Debug|Any CPU
		{455AA0C4-AF48-4BD9-861C-48924E3F7474}.Debug|x86.Build.0 = Debug|Any CPU
		{455AA0C4-AF48-4BD9-861C-48924E3F7474}.Release|Any CPU.ActiveCfg = Release|Any CPU
		{455AA0C4-AF48-4BD9-861C-48924E3F7474}.Release|Any CPU.Build.0 = Release|Any CPU
		{455AA0C4-AF48-4BD9-861C-48924E3F7474}.Release|x64.ActiveCfg = Release|Any CPU
		{455AA0C4-AF48-4BD9-861C-48924E3F7474}.Release|x64.Build.0 = Release|Any CPU
		{455AA0C4-AF48-4BD9-861C-48924E3F7474}.Release|x86.ActiveCfg = Release|Any CPU
		{455AA0C4-AF48-4BD9-861C-48924E3F7474}.Release|x86.Build.0 = Release|Any CPU
		{30D3E872-FD1C-4465-9533-8E0D569581E6}.Debug|Any CPU.ActiveCfg = Debug|Any CPU
		{30D3E872-FD1C-4465-9533-8E0D569581E6}.Debug|Any CPU.Build.0 = Debug|Any CPU
		{30D3E872-FD1C-4465-9533-8E0D569581E6}.Debug|x64.ActiveCfg = Debug|Any CPU
		{30D3E872-FD1C-4465-9533-8E0D569581E6}.Debug|x64.Build.0 = Debug|Any CPU
		{30D3E872-FD1C-4465-9533-8E0D569581E6}.Debug|x86.ActiveCfg = Debug|Any CPU
		{30D3E872-FD1C-4465-9533-8E0D569581E6}.Debug|x86.Build.0 = Debug|Any CPU
		{30D3E872-FD1C-4465-9533-8E0D569581E6}.Release|Any CPU.ActiveCfg = Release|Any CPU
		{30D3E872-FD1C-4465-9533-8E0D569581E6}.Release|Any CPU.Build.0 = Release|Any CPU
		{30D3E872-FD1C-4465-9533-8E0D569581E6}.Release|x64.ActiveCfg = Release|Any CPU
		{30D3E872-FD1C-4465-9533-8E0D569581E6}.Release|x64.Build.0 = Release|Any CPU
		{30D3E872-FD1C-4465-9533-8E0D569581E6}.Release|x86.ActiveCfg = Release|Any CPU
		{30D3E872-FD1C-4465-9533-8E0D569581E6}.Release|x86.Build.0 = Release|Any CPU
		{5CABC24C-AEE7-470E-82E1-807ABDFB2728}.Debug|Any CPU.ActiveCfg = Debug|Any CPU
		{5CABC24C-AEE7-470E-82E1-807ABDFB2728}.Debug|Any CPU.Build.0 = Debug|Any CPU
		{5CABC24C-AEE7-470E-82E1-807ABDFB2728}.Debug|x64.ActiveCfg = Debug|Any CPU
		{5CABC24C-AEE7-470E-82E1-807ABDFB2728}.Debug|x64.Build.0 = Debug|Any CPU
		{5CABC24C-AEE7-470E-82E1-807ABDFB2728}.Debug|x86.ActiveCfg = Debug|Any CPU
		{5CABC24C-AEE7-470E-82E1-807ABDFB2728}.Debug|x86.Build.0 = Debug|Any CPU
		{5CABC24C-AEE7-470E-82E1-807ABDFB2728}.Release|Any CPU.ActiveCfg = Release|Any CPU
		{5CABC24C-AEE7-470E-82E1-807ABDFB2728}.Release|Any CPU.Build.0 = Release|Any CPU
		{5CABC24C-AEE7-470E-82E1-807ABDFB2728}.Release|x64.ActiveCfg = Release|Any CPU
		{5CABC24C-AEE7-470E-82E1-807ABDFB2728}.Release|x64.Build.0 = Release|Any CPU
		{5CABC24C-AEE7-470E-82E1-807ABDFB2728}.Release|x86.ActiveCfg = Release|Any CPU
		{5CABC24C-AEE7-470E-82E1-807ABDFB2728}.Release|x86.Build.0 = Release|Any CPU
	EndGlobalSection
	GlobalSection(SolutionProperties) = preSolution
		HideSolutionNode = FALSE
	EndGlobalSection
	GlobalSection(ExtensibilityGlobals) = postSolution
		SolutionGuid = {14116196-D616-43CB-B0C5-3B6D9228F892}
	EndGlobalSection
EndGlobal
